
Microsoft Visual Studio Solution File, Format Version 12.00
# Visual Studio Version 17
VisualStudioVersion = 17.13.35919.96 d17.13
MinimumVisualStudioVersion = 10.0.40219.1
Project("{FAE04EC0-301F-11D3-BF4B-00C04F79EFBC}") = "DemoRefit", "DemoRefit\DemoRefit.csproj", "{FB8EC462-60A1-40D5-84EF-C20A3A6F2F83}"
EndProject
Project("{FAE04EC0-301F-11D3-BF4B-00C04F79EFBC}") = "DemoRefit.Client", "DemoRefit.Client\DemoRefit.Client.csproj", "{6DAC9CE9-1B50-4904-BA6D-53D5843EF93C}"
EndProject
Global
	GlobalSection(SolutionConfigurationPlatforms) = preSolution
		Debug|Any CPU = Debug|Any CPU
		Release|Any CPU = Release|Any CPU
	EndGlobalSection
	GlobalSection(ProjectConfigurationPlatforms) = postSolution
		{FB8EC462-60A1-40D5-84EF-C20A3A6F2F83}.Debug|Any CPU.ActiveCfg = Debug|Any CPU
		{FB8EC462-60A1-40D5-84EF-C20A3A6F2F83}.Debug|Any CPU.Build.0 = Debug|Any CPU
		{FB8EC462-60A1-40D5-84EF-C20A3A6F2F83}.Release|Any CPU.ActiveCfg = Release|Any CPU
		{FB8EC462-60A1-40D5-84EF-C20A3A6F2F83}.Release|Any CPU.Build.0 = Release|Any CPU
		{6DAC9CE9-1B50-4904-BA6D-53D5843EF93C}.Debug|Any CPU.ActiveCfg = Debug|Any CPU
		{6DAC9CE9-1B50-4904-BA6D-53D5843EF93C}.Debug|Any CPU.Build.0 = Debug|Any CPU
		{6DAC9CE9-1B50-4904-BA6D-53D5843EF93C}.Release|Any CPU.ActiveCfg = Release|Any CPU
		{6DAC9CE9-1B50-4904-BA6D-53D5843EF93C}.Release|Any CPU.Build.0 = Release|Any CPU
	EndGlobalSection
	GlobalSection(SolutionProperties) = preSolution
		HideSolutionNode = FALSE
	EndGlobalSection
	GlobalSection(ExtensibilityGlobals) = postSolution
		SolutionGuid = {B3348CA6-D8D4-46ED-86DB-D87CDFF10D51}
	EndGlobalSection
EndGlobal
